
Microsoft Visual Studio Solution File, Format Version 12.00
# Visual Studio Version 16
VisualStudioVersion = 16.0.30114.105
MinimumVisualStudioVersion = 10.0.40219.1
Project("{FAE04EC0-301F-11D3-BF4B-00C04F79EFBC}") = "Avamotors.Domain", "Avamotors.Domain\Avamotors.Domain.csproj", "{41F73648-6918-405C-B5F6-727921059732}"
EndProject
Project("{FAE04EC0-301F-11D3-BF4B-00C04F79EFBC}") = "Avamotors.Domain.Api", "Avamotors.Domain.Api\Avamotors.Domain.Api.csproj", "{A3147C4B-C79D-43CE-8D4B-DEFD753D602E}"
EndProject
Project("{FAE04EC0-301F-11D3-BF4B-00C04F79EFBC}") = "Avamotors.Domain.Infra", "Avamotors.Domain.Infra\Avamotors.Domain.Infra.csproj", "{4386BF65-511D-4027-B42C-2D10A2698A37}"
EndProject
Project("{FAE04EC0-301F-11D3-BF4B-00C04F79EFBC}") = "Avamotors.Domain.Shared", "Avamotors.Domain.Shared\Avamotors.Domain.Shared.csproj", "{3EED42A7-B666-43A2-8C9A-698D92DB9787}"
EndProject
Project("{FAE04EC0-301F-11D3-BF4B-00C04F79EFBC}") = "Avamotors.Domain.Tests", "Avamotors.Domain.Tests\Avamotors.Domain.Tests.csproj", "{E5B0F15B-D530-4A8C-B62E-A48D66D884E0}"
EndProject
Global
	GlobalSection(SolutionConfigurationPlatforms) = preSolution
		Debug|Any CPU = Debug|Any CPU
		Release|Any CPU = Release|Any CPU
	EndGlobalSection
	GlobalSection(SolutionProperties) = preSolution
		HideSolutionNode = FALSE
	EndGlobalSection
	GlobalSection(ProjectConfigurationPlatforms) = postSolution
		{41F73648-6918-405C-B5F6-727921059732}.Debug|Any CPU.ActiveCfg = Debug|Any CPU
		{41F73648-6918-405C-B5F6-727921059732}.Debug|Any CPU.Build.0 = Debug|Any CPU
		{41F73648-6918-405C-B5F6-727921059732}.Release|Any CPU.ActiveCfg = Release|Any CPU
		{41F73648-6918-405C-B5F6-727921059732}.Release|Any CPU.Build.0 = Release|Any CPU
		{A3147C4B-C79D-43CE-8D4B-DEFD753D602E}.Debug|Any CPU.ActiveCfg = Debug|Any CPU
		{A3147C4B-C79D-43CE-8D4B-DEFD753D602E}.Debug|Any CPU.Build.0 = Debug|Any CPU
		{A3147C4B-C79D-43CE-8D4B-DEFD753D602E}.Release|Any CPU.ActiveCfg = Release|Any CPU
		{A3147C4B-C79D-43CE-8D4B-DEFD753D602E}.Release|Any CPU.Build.0 = Release|Any CPU
		{4386BF65-511D-4027-B42C-2D10A2698A37}.Debug|Any CPU.ActiveCfg = Debug|Any CPU
		{4386BF65-511D-4027-B42C-2D10A2698A37}.Debug|Any CPU.Build.0 = Debug|Any CPU
		{4386BF65-511D-4027-B42C-2D10A2698A37}.Release|Any CPU.ActiveCfg = Release|Any CPU
		{4386BF65-511D-4027-B42C-2D10A2698A37}.Release|Any CPU.Build.0 = Release|Any CPU
		{3EED42A7-B666-43A2-8C9A-698D92DB9787}.Debug|Any CPU.ActiveCfg = Debug|Any CPU
		{3EED42A7-B666-43A2-8C9A-698D92DB9787}.Debug|Any CPU.Build.0 = Debug|Any CPU
		{3EED42A7-B666-43A2-8C9A-698D92DB9787}.Release|Any CPU.ActiveCfg = Release|Any CPU
		{3EED42A7-B666-43A2-8C9A-698D92DB9787}.Release|Any CPU.Build.0 = Release|Any CPU
		{E5B0F15B-D530-4A8C-B62E-A48D66D884E0}.Debug|Any CPU.ActiveCfg = Debug|Any CPU
		{E5B0F15B-D530-4A8C-B62E-A48D66D884E0}.Debug|Any CPU.Build.0 = Debug|Any CPU
		{E5B0F15B-D530-4A8C-B62E-A48D66D884E0}.Release|Any CPU.ActiveCfg = Release|Any CPU
		{E5B0F15B-D530-4A8C-B62E-A48D66D884E0}.Release|Any CPU.Build.0 = Release|Any CPU
	EndGlobalSection
EndGlobal
